
Microsoft Visual Studio Solution File, Format Version 12.00
# Visual Studio Version 17
VisualStudioVersion = 17.8.34525.116
MinimumVisualStudioVersion = 10.0.40219.1
Project("{FAE04EC0-301F-11D3-BF4B-00C04F79EFBC}") = "Week8EpicGame", "Week8EpicGame\Week8EpicGame.csproj", "{C1F47053-EC74-4E37-9823-250BC384DC6F}"
EndProject
Global
	GlobalSection(SolutionConfigurationPlatforms) = preSolution
		Debug|Any CPU = Debug|Any CPU
		Release|Any CPU = Release|Any CPU
	EndGlobalSection
	GlobalSection(ProjectConfigurationPlatforms) = postSolution
		{C1F47053-EC74-4E37-9823-250BC384DC6F}.Debug|Any CPU.ActiveCfg = Debug|Any CPU
		{C1F47053-EC74-4E37-9823-250BC384DC6F}.Debug|Any CPU.Build.0 = Debug|Any CPU
		{C1F47053-EC74-4E37-9823-250BC384DC6F}.Release|Any CPU.ActiveCfg = Release|Any CPU
		{C1F47053-EC74-4E37-9823-250BC384DC6F}.Release|Any CPU.Build.0 = Release|Any CPU
	EndGlobalSection
	GlobalSection(SolutionProperties) = preSolution
		HideSolutionNode = FALSE
	EndGlobalSection
	GlobalSection(ExtensibilityGlobals) = postSolution
		SolutionGuid = {D284CD11-D243-4BC5-9CFC-09F5A201CCE6}
	EndGlobalSection
EndGlobal
